
Microsoft Visual Studio Solution File, Format Version 11.00
# Visual Studio 2010
Project("{8BC9CEB8-8B4A-11D0-8D11-00A0C91BC942}") = "parallel", "parallel.vcxproj", "{7D0D62F2-43C2-45DC-8C20-E208808B52A2}"
EndProject
Project("{2150E333-8FDC-42A3-9474-1A3956D46DE8}") = "Solution Items", "Solution Items", "{63FD474E-6F0B-4273-86FF-738AE9D2256A}"
EndProject
Global
	GlobalSection(SolutionConfigurationPlatforms) = preSolution
		Debug|Win32 = Debug|Win32
		Debug|x64 = Debug|x64
		Release|Win32 = Release|Win32
		Release|x64 = Release|x64
	EndGlobalSection
	GlobalSection(ProjectConfigurationPlatforms) = postSolution
		{7D0D62F2-43C2-45DC-8C20-E208808B52A2}.Debug|Win32.ActiveCfg = Debug|Win32
		{7D0D62F2-43C2-45DC-8C20-E208808B52A2}.Debug|Win32.Build.0 = Debug|Win32
		{7D0D62F2-43C2-45DC-8C20-E208808B52A2}.Debug|x64.ActiveCfg = Debug|x64
		{7D0D62F2-43C2-45DC-8C20-E208808B52A2}.Debug|x64.Build.0 = Debug|x64
		{7D0D62F2-43C2-45DC-8C20-E208808B52A2}.Release|Win32.ActiveCfg = Release|Win32
		{7D0D62F2-43C2-45DC-8C20-E208808B52A2}.Release|Win32.Build.0 = Release|Win32
		{7D0D62F2-43C2-45DC-8C20-E208808B52A2}.Release|x64.ActiveCfg = Release|x64
		{7D0D62F2-43C2-45DC-8C20-E208808B52A2}.Release|x64.Build.0 = Release|x64
	EndGlobalSection
	GlobalSection(SolutionProperties) = preSolution
		HideSolutionNode = FALSE
	EndGlobalSection
EndGlobal
